
Microsoft Visual Studio Solution File, Format Version 12.00
# Visual Studio 15
Project("{FAE04EC0-301F-11D3-BF4B-00C04F79EFBC}") = "Hub.Shared.Web.Http", "..\hub-shared\Hub.Shared.Web\Hub.Shared.Web.Http\Hub.Shared.Web.Http.csproj", "{78DC9B62-21DC-4511-AC01-63DAFF5D6A2C}"
EndProject
Project("{FAE04EC0-301F-11D3-BF4B-00C04F79EFBC}") = "Hub.Shared.Extensions", "..\hub-shared\Hub.Shared.Extensions\Hub.Shared.Extensions.csproj", "{D79812C5-6B79-408C-BBCE-1E4559224789}"
EndProject
Project("{2150E333-8FDC-42A3-9474-1A3956D46DE8}") = "Hub.Shared.Web", "Hub.Shared.Web", "{B328846E-B016-4808-9D8E-F7D986C53CD6}"
EndProject
Project("{FAE04EC0-301F-11D3-BF4B-00C04F79EFBC}") = "Hub.Shared.Web.Api", "..\hub-shared\Hub.Shared.Web\Hub.Shared.Web.Api\Hub.Shared.Web.Api.csproj", "{465AFB07-0285-4182-9513-6C5EE29F3B42}"
EndProject
Project("{FAE04EC0-301F-11D3-BF4B-00C04F79EFBC}") = "Hub.Shared.Web.BlazorServer", "..\hub-shared\Hub.Shared.Web\Hub.Shared.Web.BlazorServer\Hub.Shared.Web.BlazorServer.csproj", "{A7FE0CE7-80A6-41F6-8A05-863A2EE3724E}"
EndProject
Project("{2150E333-8FDC-42A3-9474-1A3956D46DE8}") = "Hub.Shared.HostedServices", "..\hub-shared\Hub.Shared.HostedServices", "{83A30151-BD2D-4FB2-B3CC-37F2B8B32D82}"
EndProject
Project("{FAE04EC0-301F-11D3-BF4B-00C04F79EFBC}") = "Hub.Shared.Settings", "..\hub-shared\Hub.Shared.Settings\Hub.Shared.Settings.csproj", "{ABBE1B61-DE3D-49CD-9CB2-AE545B9123C7}"
EndProject
Project("{FAE04EC0-301F-11D3-BF4B-00C04F79EFBC}") = "Hub.Shared.HostedServices.Commands", "..\hub-shared\Hub.Shared.HostedServices\Hub.Shared.HostedServices.Commands\Hub.Shared.HostedServices.Commands.csproj", "{EC1C33C7-9073-47AA-A7FF-17F0E4127382}"
EndProject
Project("{FAE04EC0-301F-11D3-BF4B-00C04F79EFBC}") = "Hub.Shared.HostedServices.Core", "..\hub-shared\Hub.Shared.HostedServices\Hub.Shared.HostedServices.Core\Hub.Shared.HostedServices.Core.csproj", "{A7933A18-B622-4F51-BD59-232FD56FB80C}"
EndProject
Project("{FAE04EC0-301F-11D3-BF4B-00C04F79EFBC}") = "Hub.Shared.HostedServices.Schedule", "..\hub-shared\Hub.Shared.HostedServices\Hub.Shared.HostedServices.Schedule\Hub.Shared.HostedServices.Schedule.csproj", "{6C08BE2C-5E8A-4BE2-9315-B98B70BA9A27}"
EndProject
Project("{FAE04EC0-301F-11D3-BF4B-00C04F79EFBC}") = "Hub.Shared.HostedServices.ServiceBusQueue", "..\hub-shared\Hub.Shared.HostedServices\Hub.Shared.HostedServices.ServiceBusQueue\Hub.Shared.HostedServices.ServiceBusQueue.csproj", "{3BB58B82-7152-4848-8A7A-D95056A35F3E}"
EndProject
Project("{2150E333-8FDC-42A3-9474-1A3956D46DE8}") = "Hub.Shared.Storage", "Hub.Shared.Storage", "{6965300D-8A21-4B13-8A22-2F64420E433E}"
EndProject
Project("{2150E333-8FDC-42A3-9474-1A3956D46DE8}") = "Hub.Shared", "Hub.Shared", "{03B13645-89A1-43E0-823B-F98A297C1D34}"
EndProject
Project("{FAE04EC0-301F-11D3-BF4B-00C04F79EFBC}") = "Hub.Shared.Storage.Azure", "..\hub-shared\Hub.Shared.Storage\Hub.Shared.Storage.Azure\Hub.Shared.Storage.Azure.csproj", "{5E89B893-ED79-426F-AD6A-A3810B75E125}"
EndProject
Project("{FAE04EC0-301F-11D3-BF4B-00C04F79EFBC}") = "Hub.Shared.Storage.Repository", "..\hub-shared\Hub.Shared.Storage\Hub.Shared.Storage.Repository\Hub.Shared.Storage.Repository.csproj", "{32553A11-D1A2-4693-B329-217C6CE40DF1}"
EndProject
Project("{FAE04EC0-301F-11D3-BF4B-00C04F79EFBC}") = "Hub.Shared.Storage.Repository.Core", "..\hub-shared\Hub.Shared.Storage\Hub.Shared.Storage.Repository.Core\Hub.Shared.Storage.Repository.Core.csproj", "{A47BB1E7-E911-4F36-9BC5-CC04DC045109}"
EndProject
Project("{FAE04EC0-301F-11D3-BF4B-00C04F79EFBC}") = "Hub.Shared.Storage.ServiceBus", "..\hub-shared\Hub.Shared.Storage\Hub.Shared.Storage.ServiceBus\Hub.Shared.Storage.ServiceBus.csproj", "{EBAB2D58-9C5B-4945-A732-E85A65D0EEE9}"
EndProject
Project("{FAE04EC0-301F-11D3-BF4B-00C04F79EFBC}") = "Spreadsheet.Integration", "Spreadsheet.Integration\Spreadsheet.Integration.csproj", "{5F89E322-F741-4EE3-A188-C825F3C9389A}"
EndProject
Project("{2150E333-8FDC-42A3-9474-1A3956D46DE8}") = "Spreadsheet.HostedServices", "Spreadsheet.HostedServices", "{9F60503E-19E6-4D2C-B067-FFC8DA8F3A9D}"
EndProject
Project("{FAE04EC0-301F-11D3-BF4B-00C04F79EFBC}") = "Spreadsheet.Data", "Spreadsheet.Data\Spreadsheet.Data.csproj", "{7A4EF5CF-7C8A-49A7-9E78-B22CEEC54CAD}"
EndProject
Project("{FAE04EC0-301F-11D3-BF4B-00C04F79EFBC}") = "Spreadsheet.Web.Api", "Spreadsheet.Web.Api\Spreadsheet.Web.Api.csproj", "{4268A146-CCB8-4FE5-AC72-45B4A4FB0FFB}"
EndProject
Project("{2150E333-8FDC-42A3-9474-1A3956D46DE8}") = "Spreadsheet.Web", "Spreadsheet.Web", "{750E0330-BEB2-4C3A-905B-A6EC53C55B5B}"
EndProject
Project("{FAE04EC0-301F-11D3-BF4B-00C04F79EFBC}") = "Spreadsheet.Providers", "Spreadsheet.Providers\Spreadsheet.Providers.csproj", "{CC9E6CE2-1AC3-4479-BD3E-76CA318616F5}"
EndProject
Project("{FAE04EC0-301F-11D3-BF4B-00C04F79EFBC}") = "Spreadsheet.Shared", "Spreadsheet.Shared\Spreadsheet.Shared.csproj", "{04BA02D4-1FB4-4066-9004-4D28292F9D4E}"
EndProject
Project("{FAE04EC0-301F-11D3-BF4B-00C04F79EFBC}") = "Spreadsheet.Services", "Spreadsheet.Services\Spreadsheet.Services.csproj", "{829DA397-1A2D-4955-A5F2-99AF5EAA235E}"
EndProject
Project("{FAE04EC0-301F-11D3-BF4B-00C04F79EFBC}") = "Spreadsheet.HostedServices.ServiceBusQueueHost", "Spreadsheet.HostedServices.ServiceBusQueueHost\Spreadsheet.HostedServices.ServiceBusQueueHost.csproj", "{02CEC64B-BF0D-446B-B5B6-7B8A6E543D78}"
EndProject
Project("{2150E333-8FDC-42A3-9474-1A3956D46DE8}") = "Spreadsheet.Business", "Spreadsheet.Business", "{34AA0AA9-08EF-417B-87A3-7A25320DA827}"
EndProject
Project("{FAE04EC0-301F-11D3-BF4B-00C04F79EFBC}") = "Spreadsheet.Web.WebApp", "Spreadsheet.Web.WebApp\Spreadsheet.Web.WebApp.csproj", "{D6370ADB-E46B-4320-A90F-C2F8242319C2}"
EndProject
Project("{2150E333-8FDC-42A3-9474-1A3956D46DE8}") = "Hub.Shared.DataContracts", "Hub.Shared.DataContracts", "{CF153E06-9D71-430C-8310-001813BAC9CA}"
EndProject
Project("{FAE04EC0-301F-11D3-BF4B-00C04F79EFBC}") = "Hub.Shared.DataContracts.Banking", "..\hub-shared\Hub.Shared.DataContracts\Hub.Shared.DataContracts.Banking\Hub.Shared.DataContracts.Banking.csproj", "{5EE94BA2-563F-450B-956D-5903259AE3A5}"
EndProject
Project("{FAE04EC0-301F-11D3-BF4B-00C04F79EFBC}") = "Hub.Shared.DataContracts.Crypto", "..\hub-shared\Hub.Shared.DataContracts\Hub.Shared.DataContracts.Crypto\Hub.Shared.DataContracts.Crypto.csproj", "{084F7B22-21C9-48E9-84D2-4EF4D8818080}"
EndProject
Project("{FAE04EC0-301F-11D3-BF4B-00C04F79EFBC}") = "Hub.Shared.AppConfiguration", "..\hub-shared\Hub.Shared.AppConfiguration\Hub.Shared.AppConfiguration.csproj", "{F75BCC37-8922-4788-B7C6-75C30CC8A9EE}"
EndProject
Global
	GlobalSection(SolutionConfigurationPlatforms) = preSolution
		Debug|Any CPU = Debug|Any CPU
		Release|Any CPU = Release|Any CPU
	EndGlobalSection
	GlobalSection(ProjectConfigurationPlatforms) = postSolution
		{78DC9B62-21DC-4511-AC01-63DAFF5D6A2C}.Debug|Any CPU.ActiveCfg = Debug|Any CPU
		{78DC9B62-21DC-4511-AC01-63DAFF5D6A2C}.Debug|Any CPU.Build.0 = Debug|Any CPU
		{78DC9B62-21DC-4511-AC01-63DAFF5D6A2C}.Release|Any CPU.ActiveCfg = Release|Any CPU
		{78DC9B62-21DC-4511-AC01-63DAFF5D6A2C}.Release|Any CPU.Build.0 = Release|Any CPU
		{D79812C5-6B79-408C-BBCE-1E4559224789}.Debug|Any CPU.ActiveCfg = Debug|Any CPU
		{D79812C5-6B79-408C-BBCE-1E4559224789}.Debug|Any CPU.Build.0 = Debug|Any CPU
		{D79812C5-6B79-408C-BBCE-1E4559224789}.Release|Any CPU.ActiveCfg = Release|Any CPU
		{D79812C5-6B79-408C-BBCE-1E4559224789}.Release|Any CPU.Build.0 = Release|Any CPU
		{465AFB07-0285-4182-9513-6C5EE29F3B42}.Debug|Any CPU.ActiveCfg = Debug|Any CPU
		{465AFB07-0285-4182-9513-6C5EE29F3B42}.Debug|Any CPU.Build.0 = Debug|Any CPU
		{465AFB07-0285-4182-9513-6C5EE29F3B42}.Release|Any CPU.ActiveCfg = Release|Any CPU
		{465AFB07-0285-4182-9513-6C5EE29F3B42}.Release|Any CPU.Build.0 = Release|Any CPU
		{A7FE0CE7-80A6-41F6-8A05-863A2EE3724E}.Debug|Any CPU.ActiveCfg = Debug|Any CPU
		{A7FE0CE7-80A6-41F6-8A05-863A2EE3724E}.Debug|Any CPU.Build.0 = Debug|Any CPU
		{A7FE0CE7-80A6-41F6-8A05-863A2EE3724E}.Release|Any CPU.ActiveCfg = Release|Any CPU
		{A7FE0CE7-80A6-41F6-8A05-863A2EE3724E}.Release|Any CPU.Build.0 = Release|Any CPU
		{ABBE1B61-DE3D-49CD-9CB2-AE545B9123C7}.Debug|Any CPU.ActiveCfg = Debug|Any CPU
		{ABBE1B61-DE3D-49CD-9CB2-AE545B9123C7}.Debug|Any CPU.Build.0 = Debug|Any CPU
		{ABBE1B61-DE3D-49CD-9CB2-AE545B9123C7}.Release|Any CPU.ActiveCfg = Release|Any CPU
		{ABBE1B61-DE3D-49CD-9CB2-AE545B9123C7}.Release|Any CPU.Build.0 = Release|Any CPU
		{EC1C33C7-9073-47AA-A7FF-17F0E4127382}.Debug|Any CPU.ActiveCfg = Debug|Any CPU
		{EC1C33C7-9073-47AA-A7FF-17F0E4127382}.Debug|Any CPU.Build.0 = Debug|Any CPU
		{EC1C33C7-9073-47AA-A7FF-17F0E4127382}.Release|Any CPU.ActiveCfg = Release|Any CPU
		{EC1C33C7-9073-47AA-A7FF-17F0E4127382}.Release|Any CPU.Build.0 = Release|Any CPU
		{A7933A18-B622-4F51-BD59-232FD56FB80C}.Debug|Any CPU.ActiveCfg = Debug|Any CPU
		{A7933A18-B622-4F51-BD59-232FD56FB80C}.Debug|Any CPU.Build.0 = Debug|Any CPU
		{A7933A18-B622-4F51-BD59-232FD56FB80C}.Release|Any CPU.ActiveCfg = Release|Any CPU
		{A7933A18-B622-4F51-BD59-232FD56FB80C}.Release|Any CPU.Build.0 = Release|Any CPU
		{6C08BE2C-5E8A-4BE2-9315-B98B70BA9A27}.Debug|Any CPU.ActiveCfg = Debug|Any CPU
		{6C08BE2C-5E8A-4BE2-9315-B98B70BA9A27}.Debug|Any CPU.Build.0 = Debug|Any CPU
		{6C08BE2C-5E8A-4BE2-9315-B98B70BA9A27}.Release|Any CPU.ActiveCfg = Release|Any CPU
		{6C08BE2C-5E8A-4BE2-9315-B98B70BA9A27}.Release|Any CPU.Build.0 = Release|Any CPU
		{3BB58B82-7152-4848-8A7A-D95056A35F3E}.Debug|Any CPU.ActiveCfg = Debug|Any CPU
		{3BB58B82-7152-4848-8A7A-D95056A35F3E}.Debug|Any CPU.Build.0 = Debug|Any CPU
		{3BB58B82-7152-4848-8A7A-D95056A35F3E}.Release|Any CPU.ActiveCfg = Release|Any CPU
		{3BB58B82-7152-4848-8A7A-D95056A35F3E}.Release|Any CPU.Build.0 = Release|Any CPU
		{5E89B893-ED79-426F-AD6A-A3810B75E125}.Debug|Any CPU.ActiveCfg = Debug|Any CPU
		{5E89B893-ED79-426F-AD6A-A3810B75E125}.Debug|Any CPU.Build.0 = Debug|Any CPU
		{5E89B893-ED79-426F-AD6A-A3810B75E125}.Release|Any CPU.ActiveCfg = Release|Any CPU
		{5E89B893-ED79-426F-AD6A-A3810B75E125}.Release|Any CPU.Build.0 = Release|Any CPU
		{32553A11-D1A2-4693-B329-217C6CE40DF1}.Debug|Any CPU.ActiveCfg = Debug|Any CPU
		{32553A11-D1A2-4693-B329-217C6CE40DF1}.Debug|Any CPU.Build.0 = Debug|Any CPU
		{32553A11-D1A2-4693-B329-217C6CE40DF1}.Release|Any CPU.ActiveCfg = Release|Any CPU
		{32553A11-D1A2-4693-B329-217C6CE40DF1}.Release|Any CPU.Build.0 = Release|Any CPU
		{A47BB1E7-E911-4F36-9BC5-CC04DC045109}.Debug|Any CPU.ActiveCfg = Debug|Any CPU
		{A47BB1E7-E911-4F36-9BC5-CC04DC045109}.Debug|Any CPU.Build.0 = Debug|Any CPU
		{A47BB1E7-E911-4F36-9BC5-CC04DC045109}.Release|Any CPU.ActiveCfg = Release|Any CPU
		{A47BB1E7-E911-4F36-9BC5-CC04DC045109}.Release|Any CPU.Build.0 = Release|Any CPU
		{EBAB2D58-9C5B-4945-A732-E85A65D0EEE9}.Debug|Any CPU.ActiveCfg = Debug|Any CPU
		{EBAB2D58-9C5B-4945-A732-E85A65D0EEE9}.Debug|Any CPU.Build.0 = Debug|Any CPU
		{EBAB2D58-9C5B-4945-A732-E85A65D0EEE9}.Release|Any CPU.ActiveCfg = Release|Any CPU
		{EBAB2D58-9C5B-4945-A732-E85A65D0EEE9}.Release|Any CPU.Build.0 = Release|Any CPU
		{5F89E322-F741-4EE3-A188-C825F3C9389A}.Debug|Any CPU.ActiveCfg = Debug|Any CPU
		{5F89E322-F741-4EE3-A188-C825F3C9389A}.Debug|Any CPU.Build.0 = Debug|Any CPU
		{5F89E322-F741-4EE3-A188-C825F3C9389A}.Release|Any CPU.ActiveCfg = Release|Any CPU
		{5F89E322-F741-4EE3-A188-C825F3C9389A}.Release|Any CPU.Build.0 = Release|Any CPU
		{7A4EF5CF-7C8A-49A7-9E78-B22CEEC54CAD}.Debug|Any CPU.ActiveCfg = Debug|Any CPU
		{7A4EF5CF-7C8A-49A7-9E78-B22CEEC54CAD}.Debug|Any CPU.Build.0 = Debug|Any CPU
		{7A4EF5CF-7C8A-49A7-9E78-B22CEEC54CAD}.Release|Any CPU.ActiveCfg = Release|Any CPU
		{7A4EF5CF-7C8A-49A7-9E78-B22CEEC54CAD}.Release|Any CPU.Build.0 = Release|Any CPU
		{4268A146-CCB8-4FE5-AC72-45B4A4FB0FFB}.Debug|Any CPU.ActiveCfg = Debug|Any CPU
		{4268A146-CCB8-4FE5-AC72-45B4A4FB0FFB}.Debug|Any CPU.Build.0 = Debug|Any CPU
		{4268A146-CCB8-4FE5-AC72-45B4A4FB0FFB}.Release|Any CPU.ActiveCfg = Release|Any CPU
		{4268A146-CCB8-4FE5-AC72-45B4A4FB0FFB}.Release|Any CPU.Build.0 = Release|Any CPU
		{CC9E6CE2-1AC3-4479-BD3E-76CA318616F5}.Debug|Any CPU.ActiveCfg = Debug|Any CPU
		{CC9E6CE2-1AC3-4479-BD3E-76CA318616F5}.Debug|Any CPU.Build.0 = Debug|Any CPU
		{CC9E6CE2-1AC3-4479-BD3E-76CA318616F5}.Release|Any CPU.ActiveCfg = Release|Any CPU
		{CC9E6CE2-1AC3-4479-BD3E-76CA318616F5}.Release|Any CPU.Build.0 = Release|Any CPU
		{04BA02D4-1FB4-4066-9004-4D28292F9D4E}.Debug|Any CPU.ActiveCfg = Debug|Any CPU
		{04BA02D4-1FB4-4066-9004-4D28292F9D4E}.Debug|Any CPU.Build.0 = Debug|Any CPU
		{04BA02D4-1FB4-4066-9004-4D28292F9D4E}.Release|Any CPU.ActiveCfg = Release|Any CPU
		{04BA02D4-1FB4-4066-9004-4D28292F9D4E}.Release|Any CPU.Build.0 = Release|Any CPU
		{829DA397-1A2D-4955-A5F2-99AF5EAA235E}.Debug|Any CPU.ActiveCfg = Debug|Any CPU
		{829DA397-1A2D-4955-A5F2-99AF5EAA235E}.Debug|Any CPU.Build.0 = Debug|Any CPU
		{829DA397-1A2D-4955-A5F2-99AF5EAA235E}.Release|Any CPU.ActiveCfg = Release|Any CPU
		{829DA397-1A2D-4955-A5F2-99AF5EAA235E}.Release|Any CPU.Build.0 = Release|Any CPU
		{02CEC64B-BF0D-446B-B5B6-7B8A6E543D78}.Debug|Any CPU.ActiveCfg = Debug|Any CPU
		{02CEC64B-BF0D-446B-B5B6-7B8A6E543D78}.Debug|Any CPU.Build.0 = Debug|Any CPU
		{02CEC64B-BF0D-446B-B5B6-7B8A6E543D78}.Release|Any CPU.ActiveCfg = Release|Any CPU
		{02CEC64B-BF0D-446B-B5B6-7B8A6E543D78}.Release|Any CPU.Build.0 = Release|Any CPU
		{D6370ADB-E46B-4320-A90F-C2F8242319C2}.Debug|Any CPU.ActiveCfg = Debug|Any CPU
		{D6370ADB-E46B-4320-A90F-C2F8242319C2}.Debug|Any CPU.Build.0 = Debug|Any CPU
		{D6370ADB-E46B-4320-A90F-C2F8242319C2}.Release|Any CPU.ActiveCfg = Release|Any CPU
		{D6370ADB-E46B-4320-A90F-C2F8242319C2}.Release|Any CPU.Build.0 = Release|Any CPU
		{5EE94BA2-563F-450B-956D-5903259AE3A5}.Debug|Any CPU.ActiveCfg = Debug|Any CPU
		{5EE94BA2-563F-450B-956D-5903259AE3A5}.Debug|Any CPU.Build.0 = Debug|Any CPU
		{5EE94BA2-563F-450B-956D-5903259AE3A5}.Release|Any CPU.ActiveCfg = Release|Any CPU
		{5EE94BA2-563F-450B-956D-5903259AE3A5}.Release|Any CPU.Build.0 = Release|Any CPU
		{084F7B22-21C9-48E9-84D2-4EF4D8818080}.Debug|Any CPU.ActiveCfg = Debug|Any CPU
		{084F7B22-21C9-48E9-84D2-4EF4D8818080}.Debug|Any CPU.Build.0 = Debug|Any CPU
		{084F7B22-21C9-48E9-84D2-4EF4D8818080}.Release|Any CPU.ActiveCfg = Release|Any CPU
		{084F7B22-21C9-48E9-84D2-4EF4D8818080}.Release|Any CPU.Build.0 = Release|Any CPU
		{F75BCC37-8922-4788-B7C6-75C30CC8A9EE}.Debug|Any CPU.ActiveCfg = Debug|Any CPU
		{F75BCC37-8922-4788-B7C6-75C30CC8A9EE}.Debug|Any CPU.Build.0 = Debug|Any CPU
		{F75BCC37-8922-4788-B7C6-75C30CC8A9EE}.Release|Any CPU.ActiveCfg = Release|Any CPU
		{F75BCC37-8922-4788-B7C6-75C30CC8A9EE}.Release|Any CPU.Build.0 = Release|Any CPU
	EndGlobalSection
	GlobalSection(NestedProjects) = preSolution
		{78DC9B62-21DC-4511-AC01-63DAFF5D6A2C} = {B328846E-B016-4808-9D8E-F7D986C53CD6}
		{A7FE0CE7-80A6-41F6-8A05-863A2EE3724E} = {B328846E-B016-4808-9D8E-F7D986C53CD6}
		{465AFB07-0285-4182-9513-6C5EE29F3B42} = {B328846E-B016-4808-9D8E-F7D986C53CD6}
		{EC1C33C7-9073-47AA-A7FF-17F0E4127382} = {83A30151-BD2D-4FB2-B3CC-37F2B8B32D82}
		{A7933A18-B622-4F51-BD59-232FD56FB80C} = {83A30151-BD2D-4FB2-B3CC-37F2B8B32D82}
		{6C08BE2C-5E8A-4BE2-9315-B98B70BA9A27} = {83A30151-BD2D-4FB2-B3CC-37F2B8B32D82}
		{3BB58B82-7152-4848-8A7A-D95056A35F3E} = {83A30151-BD2D-4FB2-B3CC-37F2B8B32D82}
		{6965300D-8A21-4B13-8A22-2F64420E433E} = {03B13645-89A1-43E0-823B-F98A297C1D34}
		{B328846E-B016-4808-9D8E-F7D986C53CD6} = {03B13645-89A1-43E0-823B-F98A297C1D34}
		{D79812C5-6B79-408C-BBCE-1E4559224789} = {03B13645-89A1-43E0-823B-F98A297C1D34}
		{ABBE1B61-DE3D-49CD-9CB2-AE545B9123C7} = {03B13645-89A1-43E0-823B-F98A297C1D34}
		{83A30151-BD2D-4FB2-B3CC-37F2B8B32D82} = {03B13645-89A1-43E0-823B-F98A297C1D34}
		{5E89B893-ED79-426F-AD6A-A3810B75E125} = {6965300D-8A21-4B13-8A22-2F64420E433E}
		{32553A11-D1A2-4693-B329-217C6CE40DF1} = {6965300D-8A21-4B13-8A22-2F64420E433E}
		{A47BB1E7-E911-4F36-9BC5-CC04DC045109} = {6965300D-8A21-4B13-8A22-2F64420E433E}
		{EBAB2D58-9C5B-4945-A732-E85A65D0EEE9} = {6965300D-8A21-4B13-8A22-2F64420E433E}
		{4268A146-CCB8-4FE5-AC72-45B4A4FB0FFB} = {750E0330-BEB2-4C3A-905B-A6EC53C55B5B}
		{02CEC64B-BF0D-446B-B5B6-7B8A6E543D78} = {9F60503E-19E6-4D2C-B067-FFC8DA8F3A9D}
		{04BA02D4-1FB4-4066-9004-4D28292F9D4E} = {34AA0AA9-08EF-417B-87A3-7A25320DA827}
		{7A4EF5CF-7C8A-49A7-9E78-B22CEEC54CAD} = {34AA0AA9-08EF-417B-87A3-7A25320DA827}
		{5F89E322-F741-4EE3-A188-C825F3C9389A} = {34AA0AA9-08EF-417B-87A3-7A25320DA827}
		{CC9E6CE2-1AC3-4479-BD3E-76CA318616F5} = {34AA0AA9-08EF-417B-87A3-7A25320DA827}
		{829DA397-1A2D-4955-A5F2-99AF5EAA235E} = {34AA0AA9-08EF-417B-87A3-7A25320DA827}
		{D6370ADB-E46B-4320-A90F-C2F8242319C2} = {750E0330-BEB2-4C3A-905B-A6EC53C55B5B}
		{CF153E06-9D71-430C-8310-001813BAC9CA} = {03B13645-89A1-43E0-823B-F98A297C1D34}
		{5EE94BA2-563F-450B-956D-5903259AE3A5} = {CF153E06-9D71-430C-8310-001813BAC9CA}
		{084F7B22-21C9-48E9-84D2-4EF4D8818080} = {CF153E06-9D71-430C-8310-001813BAC9CA}
		{F75BCC37-8922-4788-B7C6-75C30CC8A9EE} = {03B13645-89A1-43E0-823B-F98A297C1D34}
	EndGlobalSection
EndGlobal
