
Microsoft Visual Studio Solution File, Format Version 12.00
# Visual Studio 15
Project("{FAE04EC0-301F-11D3-BF4B-00C04F79EFBC}") = "Spreadsheet.Integration", "Spreadsheet.Integration\Spreadsheet.Integration.csproj", "{5F89E322-F741-4EE3-A188-C825F3C9389A}"
EndProject
Project("{2150E333-8FDC-42A3-9474-1A3956D46DE8}") = "Workers", "Workers", "{9F60503E-19E6-4D2C-B067-FFC8DA8F3A9D}"
EndProject
Project("{FAE04EC0-301F-11D3-BF4B-00C04F79EFBC}") = "Spreadsheet.Data", "Spreadsheet.Data\Spreadsheet.Data.csproj", "{7A4EF5CF-7C8A-49A7-9E78-B22CEEC54CAD}"
EndProject
Project("{FAE04EC0-301F-11D3-BF4B-00C04F79EFBC}") = "Spreadsheet.Web.Api", "Spreadsheet.Web.Api\Spreadsheet.Web.Api.csproj", "{4268A146-CCB8-4FE5-AC72-45B4A4FB0FFB}"
EndProject
Project("{FAE04EC0-301F-11D3-BF4B-00C04F79EFBC}") = "Spreadsheet.SpreadsheetTabWriters", "Spreadsheet.SpreadsheetTabWriters\Spreadsheet.SpreadsheetTabWriters.csproj", "{AB709146-C8BA-4597-80C8-C24B2B7E7FA8}"
EndProject
Project("{FAE04EC0-301F-11D3-BF4B-00C04F79EFBC}") = "Spreadsheet.SpreadsheetTabReaders", "Spreadsheet.SpreadsheetTabReaders\Spreadsheet.SpreadsheetTabReaders.csproj", "{ACA0BF61-7840-425E-A33E-280DBE9CF329}"
EndProject
Project("{FAE04EC0-301F-11D3-BF4B-00C04F79EFBC}") = "Spreadsheet.BackgroundWorker", "Spreadsheet.BackgroundWorker\Spreadsheet.BackgroundWorker.csproj", "{F897BBD7-312F-466E-9FFE-FD8698E9625C}"
EndProject
Project("{2150E333-8FDC-42A3-9474-1A3956D46DE8}") = "Web", "Web", "{750E0330-BEB2-4C3A-905B-A6EC53C55B5B}"
EndProject
Project("{FAE04EC0-301F-11D3-BF4B-00C04F79EFBC}") = "Spreadsheet.Providers", "Spreadsheet.Providers\Spreadsheet.Providers.csproj", "{CC9E6CE2-1AC3-4479-BD3E-76CA318616F5}"
EndProject
Project("{FAE04EC0-301F-11D3-BF4B-00C04F79EFBC}") = "Spreadsheet.BackgroundTasks", "Spreadsheet.BackgroundTasks\Spreadsheet.BackgroundTasks.csproj", "{7E6E3203-9A58-4E38-A46B-C403DCFFD1F2}"
EndProject
Project("{FAE04EC0-301F-11D3-BF4B-00C04F79EFBC}") = "Spreadsheet.Core", "Spreadsheet.Core\Spreadsheet.Core.csproj", "{04BA02D4-1FB4-4066-9004-4D28292F9D4E}"
EndProject
Global
	GlobalSection(SolutionConfigurationPlatforms) = preSolution
		Debug|Any CPU = Debug|Any CPU
		Release|Any CPU = Release|Any CPU
	EndGlobalSection
	GlobalSection(ProjectConfigurationPlatforms) = postSolution
		{5F89E322-F741-4EE3-A188-C825F3C9389A}.Debug|Any CPU.ActiveCfg = Debug|Any CPU
		{5F89E322-F741-4EE3-A188-C825F3C9389A}.Debug|Any CPU.Build.0 = Debug|Any CPU
		{5F89E322-F741-4EE3-A188-C825F3C9389A}.Release|Any CPU.ActiveCfg = Release|Any CPU
		{5F89E322-F741-4EE3-A188-C825F3C9389A}.Release|Any CPU.Build.0 = Release|Any CPU
		{7A4EF5CF-7C8A-49A7-9E78-B22CEEC54CAD}.Debug|Any CPU.ActiveCfg = Debug|Any CPU
		{7A4EF5CF-7C8A-49A7-9E78-B22CEEC54CAD}.Debug|Any CPU.Build.0 = Debug|Any CPU
		{7A4EF5CF-7C8A-49A7-9E78-B22CEEC54CAD}.Release|Any CPU.ActiveCfg = Release|Any CPU
		{7A4EF5CF-7C8A-49A7-9E78-B22CEEC54CAD}.Release|Any CPU.Build.0 = Release|Any CPU
		{4268A146-CCB8-4FE5-AC72-45B4A4FB0FFB}.Debug|Any CPU.ActiveCfg = Debug|Any CPU
		{4268A146-CCB8-4FE5-AC72-45B4A4FB0FFB}.Debug|Any CPU.Build.0 = Debug|Any CPU
		{4268A146-CCB8-4FE5-AC72-45B4A4FB0FFB}.Release|Any CPU.ActiveCfg = Release|Any CPU
		{4268A146-CCB8-4FE5-AC72-45B4A4FB0FFB}.Release|Any CPU.Build.0 = Release|Any CPU
		{AB709146-C8BA-4597-80C8-C24B2B7E7FA8}.Debug|Any CPU.ActiveCfg = Debug|Any CPU
		{AB709146-C8BA-4597-80C8-C24B2B7E7FA8}.Debug|Any CPU.Build.0 = Debug|Any CPU
		{AB709146-C8BA-4597-80C8-C24B2B7E7FA8}.Release|Any CPU.ActiveCfg = Release|Any CPU
		{AB709146-C8BA-4597-80C8-C24B2B7E7FA8}.Release|Any CPU.Build.0 = Release|Any CPU
		{ACA0BF61-7840-425E-A33E-280DBE9CF329}.Debug|Any CPU.ActiveCfg = Debug|Any CPU
		{ACA0BF61-7840-425E-A33E-280DBE9CF329}.Debug|Any CPU.Build.0 = Debug|Any CPU
		{ACA0BF61-7840-425E-A33E-280DBE9CF329}.Release|Any CPU.ActiveCfg = Release|Any CPU
		{ACA0BF61-7840-425E-A33E-280DBE9CF329}.Release|Any CPU.Build.0 = Release|Any CPU
		{F897BBD7-312F-466E-9FFE-FD8698E9625C}.Debug|Any CPU.ActiveCfg = Debug|Any CPU
		{F897BBD7-312F-466E-9FFE-FD8698E9625C}.Debug|Any CPU.Build.0 = Debug|Any CPU
		{F897BBD7-312F-466E-9FFE-FD8698E9625C}.Release|Any CPU.ActiveCfg = Release|Any CPU
		{F897BBD7-312F-466E-9FFE-FD8698E9625C}.Release|Any CPU.Build.0 = Release|Any CPU
		{CC9E6CE2-1AC3-4479-BD3E-76CA318616F5}.Debug|Any CPU.ActiveCfg = Debug|Any CPU
		{CC9E6CE2-1AC3-4479-BD3E-76CA318616F5}.Debug|Any CPU.Build.0 = Debug|Any CPU
		{CC9E6CE2-1AC3-4479-BD3E-76CA318616F5}.Release|Any CPU.ActiveCfg = Release|Any CPU
		{CC9E6CE2-1AC3-4479-BD3E-76CA318616F5}.Release|Any CPU.Build.0 = Release|Any CPU
		{7E6E3203-9A58-4E38-A46B-C403DCFFD1F2}.Debug|Any CPU.ActiveCfg = Debug|Any CPU
		{7E6E3203-9A58-4E38-A46B-C403DCFFD1F2}.Debug|Any CPU.Build.0 = Debug|Any CPU
		{7E6E3203-9A58-4E38-A46B-C403DCFFD1F2}.Release|Any CPU.ActiveCfg = Release|Any CPU
		{7E6E3203-9A58-4E38-A46B-C403DCFFD1F2}.Release|Any CPU.Build.0 = Release|Any CPU
		{04BA02D4-1FB4-4066-9004-4D28292F9D4E}.Debug|Any CPU.ActiveCfg = Debug|Any CPU
		{04BA02D4-1FB4-4066-9004-4D28292F9D4E}.Debug|Any CPU.Build.0 = Debug|Any CPU
		{04BA02D4-1FB4-4066-9004-4D28292F9D4E}.Release|Any CPU.ActiveCfg = Release|Any CPU
		{04BA02D4-1FB4-4066-9004-4D28292F9D4E}.Release|Any CPU.Build.0 = Release|Any CPU
	EndGlobalSection
	GlobalSection(NestedProjects) = preSolution
		{F897BBD7-312F-466E-9FFE-FD8698E9625C} = {9F60503E-19E6-4D2C-B067-FFC8DA8F3A9D}
		{4268A146-CCB8-4FE5-AC72-45B4A4FB0FFB} = {750E0330-BEB2-4C3A-905B-A6EC53C55B5B}
		{7E6E3203-9A58-4E38-A46B-C403DCFFD1F2} = {9F60503E-19E6-4D2C-B067-FFC8DA8F3A9D}
	EndGlobalSection
EndGlobal
